// !$*UTF8*$!
{
	archiveVersion = 1;
	classes = {
	};
	objectVersion = 46;
	objects = {

/* Begin PBXBuildFile section */
		961E6CDF1690454086E27FF6 /* Pods_TwitterClone.framework in Frameworks */ = {isa = PBXBuildFile; fileRef = 666D014AB65E6EE47393059E /* Pods_TwitterClone.framework */; };
		A4E45C401E8F51C300E1F103 /* AppDelegate.swift in Sources */ = {isa = PBXBuildFile; fileRef = A4E45C3F1E8F51C300E1F103 /* AppDelegate.swift */; };
		A4E45C471E8F51C300E1F103 /* Assets.xcassets in Resources */ = {isa = PBXBuildFile; fileRef = A4E45C461E8F51C300E1F103 /* Assets.xcassets */; };
		A4E45C4A1E8F51C300E1F103 /* LaunchScreen.storyboard in Resources */ = {isa = PBXBuildFile; fileRef = A4E45C481E8F51C300E1F103 /* LaunchScreen.storyboard */; };
		A4E45C551E8F54D400E1F103 /* Story.swift in Sources */ = {isa = PBXBuildFile; fileRef = A4E45C541E8F54D400E1F103 /* Story.swift */; };
		A4E45C571E8F581C00E1F103 /* WelcomeViewController.swift in Sources */ = {isa = PBXBuildFile; fileRef = A4E45C561E8F581C00E1F103 /* WelcomeViewController.swift */; };
		A4E45C591E8F586700E1F103 /* ComposeViewController.swift in Sources */ = {isa = PBXBuildFile; fileRef = A4E45C581E8F586700E1F103 /* ComposeViewController.swift */; };
		A4E45C5B1E8F588B00E1F103 /* StoriesTableViewController.swift in Sources */ = {isa = PBXBuildFile; fileRef = A4E45C5A1E8F588B00E1F103 /* StoriesTableViewController.swift */; };
		A4E45C5D1E8F592300E1F103 /* StoryTableViewCell.swift in Sources */ = {isa = PBXBuildFile; fileRef = A4E45C5C1E8F592300E1F103 /* StoryTableViewCell.swift */; };
		A4E45C5F1E8F5A5600E1F103 /* Main.storyboard in Resources */ = {isa = PBXBuildFile; fileRef = A4E45C5E1E8F5A5600E1F103 /* Main.storyboard */; };
/* End PBXBuildFile section */

/* Begin PBXFileReference section */
		666D014AB65E6EE47393059E /* Pods_TwitterClone.framework */ = {isa = PBXFileReference; explicitFileType = wrapper.framework; includeInIndex = 0; path = Pods_TwitterClone.framework; sourceTree = BUILT_PRODUCTS_DIR; };
		A4E45C3C1E8F51C300E1F103 /* TwitterClone.app */ = {isa = PBXFileReference; explicitFileType = wrapper.application; includeInIndex = 0; path = TwitterClone.app; sourceTree = BUILT_PRODUCTS_DIR; };
		A4E45C3F1E8F51C300E1F103 /* AppDelegate.swift */ = {isa = PBXFileReference; lastKnownFileType = sourcecode.swift; path = AppDelegate.swift; sourceTree = "<group>"; };
		A4E45C461E8F51C300E1F103 /* Assets.xcassets */ = {isa = PBXFileReference; lastKnownFileType = folder.assetcatalog; path = Assets.xcassets; sourceTree = "<group>"; };
		A4E45C491E8F51C300E1F103 /* Base */ = {isa = PBXFileReference; lastKnownFileType = file.storyboard; name = Base; path = Base.lproj/LaunchScreen.storyboard; sourceTree = "<group>"; };
		A4E45C4B1E8F51C300E1F103 /* Info.plist */ = {isa = PBXFileReference; lastKnownFileType = text.plist.xml; path = Info.plist; sourceTree = "<group>"; };
		A4E45C541E8F54D400E1F103 /* Story.swift */ = {isa = PBXFileReference; fileEncoding = 4; lastKnownFileType = sourcecode.swift; path = Story.swift; sourceTree = "<group>"; };
		A4E45C561E8F581C00E1F103 /* WelcomeViewController.swift */ = {isa = PBXFileReference; fileEncoding = 4; lastKnownFileType = sourcecode.swift; path = WelcomeViewController.swift; sourceTree = "<group>"; };
		A4E45C581E8F586700E1F103 /* ComposeViewController.swift */ = {isa = PBXFileReference; fileEncoding = 4; lastKnownFileType = sourcecode.swift; path = ComposeViewController.swift; sourceTree = "<group>"; };
		A4E45C5A1E8F588B00E1F103 /* StoriesTableViewController.swift */ = {isa = PBXFileReference; fileEncoding = 4; lastKnownFileType = sourcecode.swift; path = StoriesTableViewController.swift; sourceTree = "<group>"; };
		A4E45C5C1E8F592300E1F103 /* StoryTableViewCell.swift */ = {isa = PBXFileReference; fileEncoding = 4; lastKnownFileType = sourcecode.swift; path = StoryTableViewCell.swift; sourceTree = "<group>"; };
		A4E45C5E1E8F5A5600E1F103 /* Main.storyboard */ = {isa = PBXFileReference; fileEncoding = 4; lastKnownFileType = file.storyboard; path = Main.storyboard; sourceTree = "<group>"; };
		C5D16CE21D47766E85C110C8 /* Pods-TwitterClone.debug.xcconfig */ = {isa = PBXFileReference; includeInIndex = 1; lastKnownFileType = text.xcconfig; name = "Pods-TwitterClone.debug.xcconfig"; path = "Pods/Target Support Files/Pods-TwitterClone/Pods-TwitterClone.debug.xcconfig"; sourceTree = "<group>"; };
		FFF36EACFAEFA84994B844D8 /* Pods-TwitterClone.release.xcconfig */ = {isa = PBXFileReference; includeInIndex = 1; lastKnownFileType = text.xcconfig; name = "Pods-TwitterClone.release.xcconfig"; path = "Pods/Target Support Files/Pods-TwitterClone/Pods-TwitterClone.release.xcconfig"; sourceTree = "<group>"; };
/* End PBXFileReference section */

/* Begin PBXFrameworksBuildPhase section */
		A4E45C391E8F51C300E1F103 /* Frameworks */ = {
			isa = PBXFrameworksBuildPhase;
			buildActionMask = 2147483647;
			files = (
				961E6CDF1690454086E27FF6 /* Pods_TwitterClone.framework in Frameworks */,
			);
			runOnlyForDeploymentPostprocessing = 0;
		};
/* End PBXFrameworksBuildPhase section */

/* Begin PBXGroup section */
		7BE3BF0BEB50F56039853C0A /* Pods */ = {
			isa = PBXGroup;
			children = (
				C5D16CE21D47766E85C110C8 /* Pods-TwitterClone.debug.xcconfig */,
				FFF36EACFAEFA84994B844D8 /* Pods-TwitterClone.release.xcconfig */,
			);
			name = Pods;
			sourceTree = "<group>";
		};
		A4E45C331E8F51C300E1F103 = {
			isa = PBXGroup;
			children = (
				A4E45C3E1E8F51C300E1F103 /* TwitterClone */,
				A4E45C3D1E8F51C300E1F103 /* Products */,
				7BE3BF0BEB50F56039853C0A /* Pods */,
				AD1814D5DF5305D4524B78FC /* Frameworks */,
			);
			sourceTree = "<group>";
		};
		A4E45C3D1E8F51C300E1F103 /* Products */ = {
			isa = PBXGroup;
			children = (
				A4E45C3C1E8F51C300E1F103 /* TwitterClone.app */,
			);
			name = Products;
			sourceTree = "<group>";
		};
		A4E45C3E1E8F51C300E1F103 /* TwitterClone */ = {
			isa = PBXGroup;
			children = (
				A4E45C3F1E8F51C300E1F103 /* AppDelegate.swift */,
				A4E45C531E8F54A400E1F103 /* Controller */,
				A4E45C521E8F549F00E1F103 /* View */,
				A4E45C511E8F549600E1F103 /* Model */,
				A4E45C461E8F51C300E1F103 /* Assets.xcassets */,
				A4E45C481E8F51C300E1F103 /* LaunchScreen.storyboard */,
				A4E45C4B1E8F51C300E1F103 /* Info.plist */,
			);
			path = TwitterClone;
			sourceTree = "<group>";
		};
		A4E45C511E8F549600E1F103 /* Model */ = {
			isa = PBXGroup;
			children = (
				A4E45C541E8F54D400E1F103 /* Story.swift */,
			);
			name = Model;
			sourceTree = "<group>";
		};
		A4E45C521E8F549F00E1F103 /* View */ = {
			isa = PBXGroup;
			children = (
				A4E45C5E1E8F5A5600E1F103 /* Main.storyboard */,
				A4E45C5C1E8F592300E1F103 /* StoryTableViewCell.swift */,
			);
			name = View;
			sourceTree = "<group>";
		};
		A4E45C531E8F54A400E1F103 /* Controller */ = {
			isa = PBXGroup;
			children = (
				A4E45C561E8F581C00E1F103 /* WelcomeViewController.swift */,
				A4E45C581E8F586700E1F103 /* ComposeViewController.swift */,
				A4E45C5A1E8F588B00E1F103 /* StoriesTableViewController.swift */,
			);
			name = Controller;
			sourceTree = "<group>";
		};
		AD1814D5DF5305D4524B78FC /* Frameworks */ = {
			isa = PBXGroup;
			children = (
				666D014AB65E6EE47393059E /* Pods_TwitterClone.framework */,
			);
			name = Frameworks;
			sourceTree = "<group>";
		};
/* End PBXGroup section */

/* Begin PBXNativeTarget section */
		A4E45C3B1E8F51C300E1F103 /* TwitterClone */ = {
			isa = PBXNativeTarget;
			buildConfigurationList = A4E45C4E1E8F51C300E1F103 /* Build configuration list for PBXNativeTarget "TwitterClone" */;
			buildPhases = (
				689CC21BAC824C0CBAF8B555 /* [CP] Check Pods Manifest.lock */,
				A4E45C381E8F51C300E1F103 /* Sources */,
				A4E45C391E8F51C300E1F103 /* Frameworks */,
				A4E45C3A1E8F51C300E1F103 /* Resources */,
				0613C02C57EF6D9954A0B3C6 /* [CP] Embed Pods Frameworks */,
				4543C98388EFE82F3124DA34 /* [CP] Copy Pods Resources */,
			);
			buildRules = (
			);
			dependencies = (
			);
			name = TwitterClone;
			productName = TwitterClone;
			productReference = A4E45C3C1E8F51C300E1F103 /* TwitterClone.app */;
			productType = "com.apple.product-type.application";
		};
/* End PBXNativeTarget section */

/* Begin PBXProject section */
		A4E45C341E8F51C300E1F103 /* Project object */ = {
			isa = PBXProject;
			attributes = {
				LastSwiftUpdateCheck = 0820;
				LastUpgradeCheck = 0820;
				ORGANIZATIONNAME = zaimramlan;
				TargetAttributes = {
					A4E45C3B1E8F51C300E1F103 = {
						CreatedOnToolsVersion = 8.2.1;
						DevelopmentTeam = CT63RCWV2C;
						ProvisioningStyle = Automatic;
					};
				};
			};
			buildConfigurationList = A4E45C371E8F51C300E1F103 /* Build configuration list for PBXProject "TwitterClone" */;
			compatibilityVersion = "Xcode 3.2";
			developmentRegion = English;
			hasScannedForEncodings = 0;
			knownRegions = (
				en,
				Base,
			);
			mainGroup = A4E45C331E8F51C300E1F103;
			productRefGroup = A4E45C3D1E8F51C300E1F103 /* Products */;
			projectDirPath = "";
			projectRoot = "";
			targets = (
				A4E45C3B1E8F51C300E1F103 /* TwitterClone */,
			);
		};
/* End PBXProject section */

/* Begin PBXResourcesBuildPhase section */
		A4E45C3A1E8F51C300E1F103 /* Resources */ = {
			isa = PBXResourcesBuildPhase;
			buildActionMask = 2147483647;
			files = (
				A4E45C4A1E8F51C300E1F103 /* LaunchScreen.storyboard in Resources */,
				A4E45C471E8F51C300E1F103 /* Assets.xcassets in Resources */,
				A4E45C5F1E8F5A5600E1F103 /* Main.storyboard in Resources */,
			);
			runOnlyForDeploymentPostprocessing = 0;
		};
/* End PBXResourcesBuildPhase section */

/* Begin PBXShellScriptBuildPhase section */
		0613C02C57EF6D9954A0B3C6 /* [CP] Embed Pods Frameworks */ = {
			isa = PBXShellScriptBuildPhase;
			buildActionMask = 2147483647;
			files = (
			);
			inputPaths = (
			);
			name = "[CP] Embed Pods Frameworks";
			outputPaths = (
			);
			runOnlyForDeploymentPostprocessing = 0;
			shellPath = /bin/sh;
			shellScript = "\"${SRCROOT}/Pods/Target Support Files/Pods-TwitterClone/Pods-TwitterClone-frameworks.sh\"\n";
			showEnvVarsInLog = 0;
		};
		4543C98388EFE82F3124DA34 /* [CP] Copy Pods Resources */ = {
			isa = PBXShellScriptBuildPhase;
			buildActionMask = 2147483647;
			files = (
			);
			inputPaths = (
			);
			name = "[CP] Copy Pods Resources";
			outputPaths = (
			);
			runOnlyForDeploymentPostprocessing = 0;
			shellPath = /bin/sh;
			shellScript = "\"${SRCROOT}/Pods/Target Support Files/Pods-TwitterClone/Pods-TwitterClone-resources.sh\"\n";
			showEnvVarsInLog = 0;
		};
		689CC21BAC824C0CBAF8B555 /* [CP] Check Pods Manifest.lock */ = {
			isa = PBXShellScriptBuildPhase;
			buildActionMask = 2147483647;
			files = (
			);
			inputPaths = (
			);
			name = "[CP] Check Pods Manifest.lock";
			outputPaths = (
			);
			runOnlyForDeploymentPostprocessing = 0;
			shellPath = /bin/sh;
			shellScript = "diff \"${PODS_ROOT}/../Podfile.lock\" \"${PODS_ROOT}/Manifest.lock\" > /dev/null\nif [ $? != 0 ] ; then\n    # print error to STDERR\n    echo \"error: The sandbox is not in sync with the Podfile.lock. Run 'pod install' or update your CocoaPods installation.\" >&2\n    exit 1\nfi\n";
			showEnvVarsInLog = 0;
		};
/* End PBXShellScriptBuildPhase section */

/* Begin PBXSourcesBuildPhase section */
		A4E45C381E8F51C300E1F103 /* Sources */ = {
			isa = PBXSourcesBuildPhase;
			buildActionMask = 2147483647;
			files = (
				A4E45C571E8F581C00E1F103 /* WelcomeViewController.swift in Sources */,
				A4E45C401E8F51C300E1F103 /* AppDelegate.swift in Sources */,
				A4E45C5B1E8F588B00E1F103 /* StoriesTableViewController.swift in Sources */,
				A4E45C551E8F54D400E1F103 /* Story.swift in Sources */,
				A4E45C591E8F586700E1F103 /* ComposeViewController.swift in Sources */,
				A4E45C5D1E8F592300E1F103 /* StoryTableViewCell.swift in Sources */,
			);
			runOnlyForDeploymentPostprocessing = 0;
		};
/* End PBXSourcesBuildPhase section */

/* Begin PBXVariantGroup section */
		A4E45C481E8F51C300E1F103 /* LaunchScreen.storyboard */ = {
			isa = PBXVariantGroup;
			children = (
				A4E45C491E8F51C300E1F103 /* Base */,
			);
			name = LaunchScreen.storyboard;
			sourceTree = "<group>";
		};
/* End PBXVariantGroup section */

/* Begin XCBuildConfiguration section */
		A4E45C4C1E8F51C300E1F103 /* Debug */ = {
			isa = XCBuildConfiguration;
			buildSettings = {
				ALWAYS_SEARCH_USER_PATHS = NO;
				CLANG_ANALYZER_NONNULL = YES;
				CLANG_CXX_LANGUAGE_STANDARD = "gnu++0x";
				CLANG_CXX_LIBRARY = "libc++";
				CLANG_ENABLE_MODULES = YES;
				CLANG_ENABLE_OBJC_ARC = YES;
				CLANG_WARN_BOOL_CONVERSION = YES;
				CLANG_WARN_CONSTANT_CONVERSION = YES;
				CLANG_WARN_DIRECT_OBJC_ISA_USAGE = YES_ERROR;
				CLANG_WARN_DOCUMENTATION_COMMENTS = YES;
				CLANG_WARN_EMPTY_BODY = YES;
				CLANG_WARN_ENUM_CONVERSION = YES;
				CLANG_WARN_INFINITE_RECURSION = YES;
				CLANG_WARN_INT_CONVERSION = YES;
				CLANG_WARN_OBJC_ROOT_CLASS = YES_ERROR;
				CLANG_WARN_SUSPICIOUS_MOVE = YES;
				CLANG_WARN_UNREACHABLE_CODE = YES;
				CLANG_WARN__DUPLICATE_METHOD_MATCH = YES;
				"CODE_SIGN_IDENTITY[sdk=iphoneos*]" = "iPhone Developer";
				COPY_PHASE_STRIP = NO;
				DEBUG_INFORMATION_FORMAT = dwarf;
				ENABLE_STRICT_OBJC_MSGSEND = YES;
				ENABLE_TESTABILITY = YES;
				GCC_C_LANGUAGE_STANDARD = gnu99;
				GCC_DYNAMIC_NO_PIC = NO;
				GCC_NO_COMMON_BLOCKS = YES;
				GCC_OPTIMIZATION_LEVEL = 0;
				GCC_PREPROCESSOR_DEFINITIONS = (
					"DEBUG=1",
					"$(inherited)",
				);
				GCC_WARN_64_TO_32_BIT_CONVERSION = YES;
				GCC_WARN_ABOUT_RETURN_TYPE = YES_ERROR;
				GCC_WARN_UNDECLARED_SELECTOR = YES;
				GCC_WARN_UNINITIALIZED_AUTOS = YES_AGGRESSIVE;
				GCC_WARN_UNUSED_FUNCTION = YES;
				GCC_WARN_UNUSED_VARIABLE = YES;
				IPHONEOS_DEPLOYMENT_TARGET = 10.2;
				MTL_ENABLE_DEBUG_INFO = YES;
				ONLY_ACTIVE_ARCH = YES;
				SDKROOT = iphoneos;
				SWIFT_ACTIVE_COMPILATION_CONDITIONS = DEBUG;
				SWIFT_OPTIMIZATION_LEVEL = "-Onone";
				TARGETED_DEVICE_FAMILY = "1,2";
			};
			name = Debug;
		};
		A4E45C4D1E8F51C300E1F103 /* Release */ = {
			isa = XCBuildConfiguration;
			buildSettings = {
				ALWAYS_SEARCH_USER_PATHS = NO;
				CLANG_ANALYZER_NONNULL = YES;
				CLANG_CXX_LANGUAGE_STANDARD = "gnu++0x";
				CLANG_CXX_LIBRARY = "libc++";
				CLANG_ENABLE_MODULES = YES;
				CLANG_ENABLE_OBJC_ARC = YES;
				CLANG_WARN_BOOL_CONVERSION = YES;
				CLANG_WARN_CONSTANT_CONVERSION = YES;
				CLANG_WARN_DIRECT_OBJC_ISA_USAGE = YES_ERROR;
				CLANG_WARN_DOCUMENTATION_COMMENTS = YES;
				CLANG_WARN_EMPTY_BODY = YES;
				CLANG_WARN_ENUM_CONVERSION = YES;
				CLANG_WARN_INFINITE_RECURSION = YES;
				CLANG_WARN_INT_CONVERSION = YES;
				CLANG_WARN_OBJC_ROOT_CLASS = YES_ERROR;
				CLANG_WARN_SUSPICIOUS_MOVE = YES;
				CLANG_WARN_UNREACHABLE_CODE = YES;
				CLANG_WARN__DUPLICATE_METHOD_MATCH = YES;
				"CODE_SIGN_IDENTITY[sdk=iphoneos*]" = "iPhone Developer";
				COPY_PHASE_STRIP = NO;
				DEBUG_INFORMATION_FORMAT = "dwarf-with-dsym";
				ENABLE_NS_ASSERTIONS = NO;
				ENABLE_STRICT_OBJC_MSGSEND = YES;
				GCC_C_LANGUAGE_STANDARD = gnu99;
				GCC_NO_COMMON_BLOCKS = YES;
				GCC_WARN_64_TO_32_BIT_CONVERSION = YES;
				GCC_WARN_ABOUT_RETURN_TYPE = YES_ERROR;
				GCC_WARN_UNDECLARED_SELECTOR = YES;
				GCC_WARN_UNINITIALIZED_AUTOS = YES_AGGRESSIVE;
				GCC_WARN_UNUSED_FUNCTION = YES;
				GCC_WARN_UNUSED_VARIABLE = YES;
				IPHONEOS_DEPLOYMENT_TARGET = 10.2;
				MTL_ENABLE_DEBUG_INFO = NO;
				SDKROOT = iphoneos;
				SWIFT_OPTIMIZATION_LEVEL = "-Owholemodule";
				TARGETED_DEVICE_FAMILY = "1,2";
				VALIDATE_PRODUCT = YES;
			};
			name = Release;
		};
		A4E45C4F1E8F51C300E1F103 /* Debug */ = {
			isa = XCBuildConfiguration;
			baseConfigurationReference = C5D16CE21D47766E85C110C8 /* Pods-TwitterClone.debug.xcconfig */;
			buildSettings = {
				ASSETCATALOG_COMPILER_APPICON_NAME = AppIcon;
				DEVELOPMENT_TEAM = CT63RCWV2C;
				INFOPLIST_FILE = TwitterClone/Info.plist;
				LD_RUNPATH_SEARCH_PATHS = "$(inherited) @executable_path/Frameworks";
				PRODUCT_BUNDLE_IDENTIFIER = com.zaimramlan.TwitterClone;
				PRODUCT_NAME = "$(TARGET_NAME)";
				SWIFT_VERSION = 3.0;
			};
			name = Debug;
		};
		A4E45C501E8F51C300E1F103 /* Release */ = {
			isa = XCBuildConfiguration;
			baseConfigurationReference = FFF36EACFAEFA84994B844D8 /* Pods-TwitterClone.release.xcconfig */;
			buildSettings = {
				ASSETCATALOG_COMPILER_APPICON_NAME = AppIcon;
				DEVELOPMENT_TEAM = CT63RCWV2C;
				INFOPLIST_FILE = TwitterClone/Info.plist;
				LD_RUNPATH_SEARCH_PATHS = "$(inherited) @executable_path/Frameworks";
				PRODUCT_BUNDLE_IDENTIFIER = com.zaimramlan.TwitterClone;
				PRODUCT_NAME = "$(TARGET_NAME)";
				SWIFT_VERSION = 3.0;
			};
			name = Release;
		};
/* End XCBuildConfiguration section */

/* Begin XCConfigurationList section */
		A4E45C371E8F51C300E1F103 /* Build configuration list for PBXProject "TwitterClone" */ = {
			isa = XCConfigurationList;
			buildConfigurations = (
				A4E45C4C1E8F51C300E1F103 /* Debug */,
				A4E45C4D1E8F51C300E1F103 /* Release */,
			);
			defaultConfigurationIsVisible = 0;
			defaultConfigurationName = Release;
		};
		A4E45C4E1E8F51C300E1F103 /* Build configuration list for PBXNativeTarget "TwitterClone" */ = {
			isa = XCConfigurationList;
			buildConfigurations = (
				A4E45C4F1E8F51C300E1F103 /* Debug */,
				A4E45C501E8F51C300E1F103 /* Release */,
			);
			defaultConfigurationIsVisible = 0;
			defaultConfigurationName = Release;
		};
/* End XCConfigurationList section */
	};
	rootObject = A4E45C341E8F51C300E1F103 /* Project object */;
}
